Microsoft Visual Studio Solution File, Format Version 12.00
# Visual Studio 15
VisualStudioVersion = 15.0.27130.2024
MinimumVisualStudioVersion = 10.0.40219.1
Project("{FAE04EC0-301F-11D3-BF4B-00C04F79EFBC}") = "XNA3DGizmo", "XNA3DGizmo\XNA3DGizmo.csproj", "{4D1793CC-8192-4CD9-A099-AA5E639352E1}"
EndProject
Project("{FAE04EC0-301F-11D3-BF4B-00C04F79EFBC}") = "GizmoComponentExtension", "GizmoComponentExtension\GizmoComponentExtension.csproj", "{CEE2DBF6-3B5F-4856-AAAC-403FD8D5A445}"
EndProject
Global
	GlobalSection(SolutionConfigurationPlatforms) = preSolution
		Debug|Any CPU = Debug|Any CPU
		Debug|x86 = Debug|x86
		Release|Any CPU = Release|Any CPU
		Release|x86 = Release|x86
	EndGlobalSection
	GlobalSection(ProjectConfigurationPlatforms) = postSolution
		{4D1793CC-8192-4CD9-A099-AA5E639352E1}.Debug|Any CPU.ActiveCfg = Debug|x86
		{4D1793CC-8192-4CD9-A099-AA5E639352E1}.Debug|Any CPU.Build.0 = Debug|x86
		{4D1793CC-8192-4CD9-A099-AA5E639352E1}.Debug|x86.ActiveCfg = Debug|x86
		{4D1793CC-8192-4CD9-A099-AA5E639352E1}.Debug|x86.Build.0 = Debug|x86
		{4D1793CC-8192-4CD9-A099-AA5E639352E1}.Release|Any CPU.ActiveCfg = Debug|x86
		{4D1793CC-8192-4CD9-A099-AA5E639352E1}.Release|Any CPU.Build.0 = Debug|x86
		{4D1793CC-8192-4CD9-A099-AA5E639352E1}.Release|x86.ActiveCfg = Release|x86
		{4D1793CC-8192-4CD9-A099-AA5E639352E1}.Release|x86.Build.0 = Release|x86
		{CEE2DBF6-3B5F-4856-AAAC-403FD8D5A445}.Debug|Any CPU.ActiveCfg = Debug|x86
		{CEE2DBF6-3B5F-4856-AAAC-403FD8D5A445}.Debug|Any CPU.Build.0 = Debug|x86
		{CEE2DBF6-3B5F-4856-AAAC-403FD8D5A445}.Debug|x86.ActiveCfg = Debug|x86
		{CEE2DBF6-3B5F-4856-AAAC-403FD8D5A445}.Debug|x86.Build.0 = Debug|x86
		{CEE2DBF6-3B5F-4856-AAAC-403FD8D5A445}.Release|Any CPU.ActiveCfg = Debug|x86
		{CEE2DBF6-3B5F-4856-AAAC-403FD8D5A445}.Release|Any CPU.Build.0 = Debug|x86
		{CEE2DBF6-3B5F-4856-AAAC-403FD8D5A445}.Release|x86.ActiveCfg = Release|x86
		{CEE2DBF6-3B5F-4856-AAAC-403FD8D5A445}.Release|x86.Build.0 = Release|x86
	EndGlobalSection
	GlobalSection(SolutionProperties) = preSolution
		HideSolutionNode = FALSE
	EndGlobalSection
	GlobalSection(ExtensibilityGlobals) = postSolution
		SolutionGuid = {DAE97BC0-D64C-408E-B74C-337A66ABCAA8}
	EndGlobalSection
	GlobalSection(MonoDevelopProperties) = preSolution
		StartupItem = C3DE.Demo\C3DE.Demo.csproj
	EndGlobalSection
EndGlobal
